
Microsoft Visual Studio Solution File, Format Version 12.00
# Visual Studio 15
VisualStudioVersion = 15.0.27428.2027
MinimumVisualStudioVersion = 10.0.40219.1
Project("{FAE04EC0-301F-11D3-BF4B-00C04F79EFBC}") = "Proizvod", "Proizvod\Proizvod.csproj", "{4EDA4BBA-D9A7-42FC-83A1-F097781C818E}"
EndProject
Global
	GlobalSection(SolutionConfigurationPlatforms) = preSolution
		Debug|Any CPU = Debug|Any CPU
		Release|Any CPU = Release|Any CPU
	EndGlobalSection
	GlobalSection(ProjectConfigurationPlatforms) = postSolution
		{4EDA4BBA-D9A7-42FC-83A1-F097781C818E}.Debug|Any CPU.ActiveCfg = Debug|Any CPU
		{4EDA4BBA-D9A7-42FC-83A1-F097781C818E}.Debug|Any CPU.Build.0 = Debug|Any CPU
		{4EDA4BBA-D9A7-42FC-83A1-F097781C818E}.Release|Any CPU.ActiveCfg = Release|Any CPU
		{4EDA4BBA-D9A7-42FC-83A1-F097781C818E}.Release|Any CPU.Build.0 = Release|Any CPU
	EndGlobalSection
	GlobalSection(SolutionProperties) = preSolution
		HideSolutionNode = FALSE
	EndGlobalSection
	GlobalSection(ExtensibilityGlobals) = postSolution
		SolutionGuid = {AE62CCA6-A71E-46AF-A79C-4768F1936816}
	EndGlobalSection
EndGlobal
